
Microsoft Visual Studio Solution File, Format Version 12.00
# Visual Studio Version 17
VisualStudioVersion = 17.7.34018.315
MinimumVisualStudioVersion = 10.0.40219.1
Project("{F184B08F-C81C-45F6-A57F-5ABD9991F28F}") = "WinFormsApp2", "WinFormsApp2\WinFormsApp2.vbproj", "{CCCA181E-2491-43B3-995A-DF6461F5B780}"
EndProject
Global
	GlobalSection(SolutionConfigurationPlatforms) = preSolution
		Debug|Any CPU = Debug|Any CPU
		Release|Any CPU = Release|Any CPU
	EndGlobalSection
	GlobalSection(ProjectConfigurationPlatforms) = postSolution
		{CCCA181E-2491-43B3-995A-DF6461F5B780}.Debug|Any CPU.ActiveCfg = Debug|Any CPU
		{CCCA181E-2491-43B3-995A-DF6461F5B780}.Debug|Any CPU.Build.0 = Debug|Any CPU
		{CCCA181E-2491-43B3-995A-DF6461F5B780}.Release|Any CPU.ActiveCfg = Release|Any CPU
		{CCCA181E-2491-43B3-995A-DF6461F5B780}.Release|Any CPU.Build.0 = Release|Any CPU
	EndGlobalSection
	GlobalSection(SolutionProperties) = preSolution
		HideSolutionNode = FALSE
	EndGlobalSection
	GlobalSection(ExtensibilityGlobals) = postSolution
		SolutionGuid = {47B6EB89-FC7B-4B67-9F17-B964338C901E}
	EndGlobalSection
EndGlobal
